
Microsoft Visual Studio Solution File, Format Version 12.00
# Visual Studio Version 17
VisualStudioVersion = 17.12.35707.178
MinimumVisualStudioVersion = 10.0.40219.1
Project("{FAE04EC0-301F-11D3-BF4B-00C04F79EFBC}") = "GoldPrice", "GoldPrice\GoldPrice.csproj", "{AEDBF142-DDA3-4A13-9FFD-BFCE679FA388}"
EndProject
Project("{FAE04EC0-301F-11D3-BF4B-00C04F79EFBC}") = "GoldPrice.Web", "GoldPrice.Web\GoldPrice.Web.csproj", "{C89442F5-A8C6-42F6-ACAE-9A77F9DE1CFD}"
EndProject
Project("{E53339B2-1760-4266-BCC7-CA923CBCF16C}") = "docker-compose", "docker-compose.dcproj", "{6CBA84D8-F1D9-42A2-A6DD-A23593D8D4C6}"
EndProject
Project("{FAE04EC0-301F-11D3-BF4B-00C04F79EFBC}") = "GoldPrice.WebApp", "GoldPrice.WebApp\GoldPrice.WebApp.csproj", "{D79F6602-E664-4163-B6B4-2C382EB0BFCD}"
EndProject
Project("{FAE04EC0-301F-11D3-BF4B-00C04F79EFBC}") = "GoldPrice.WebAppTest", "GoldPrice.WebAppTest\GoldPrice.WebAppTest.csproj", "{11F1CF00-E6DC-4FD6-A6CF-B7594337D855}"
EndProject
Global
	GlobalSection(SolutionConfigurationPlatforms) = preSolution
		Debug|Any CPU = Debug|Any CPU
		Release|Any CPU = Release|Any CPU
	EndGlobalSection
	GlobalSection(ProjectConfigurationPlatforms) = postSolution
		{AEDBF142-DDA3-4A13-9FFD-BFCE679FA388}.Debug|Any CPU.ActiveCfg = Debug|Any CPU
		{AEDBF142-DDA3-4A13-9FFD-BFCE679FA388}.Debug|Any CPU.Build.0 = Debug|Any CPU
		{AEDBF142-DDA3-4A13-9FFD-BFCE679FA388}.Release|Any CPU.ActiveCfg = Release|Any CPU
		{AEDBF142-DDA3-4A13-9FFD-BFCE679FA388}.Release|Any CPU.Build.0 = Release|Any CPU
		{C89442F5-A8C6-42F6-ACAE-9A77F9DE1CFD}.Debug|Any CPU.ActiveCfg = Debug|Any CPU
		{C89442F5-A8C6-42F6-ACAE-9A77F9DE1CFD}.Debug|Any CPU.Build.0 = Debug|Any CPU
		{C89442F5-A8C6-42F6-ACAE-9A77F9DE1CFD}.Release|Any CPU.ActiveCfg = Release|Any CPU
		{C89442F5-A8C6-42F6-ACAE-9A77F9DE1CFD}.Release|Any CPU.Build.0 = Release|Any CPU
		{6CBA84D8-F1D9-42A2-A6DD-A23593D8D4C6}.Debug|Any CPU.ActiveCfg = Debug|Any CPU
		{6CBA84D8-F1D9-42A2-A6DD-A23593D8D4C6}.Debug|Any CPU.Build.0 = Debug|Any CPU
		{6CBA84D8-F1D9-42A2-A6DD-A23593D8D4C6}.Release|Any CPU.ActiveCfg = Release|Any CPU
		{6CBA84D8-F1D9-42A2-A6DD-A23593D8D4C6}.Release|Any CPU.Build.0 = Release|Any CPU
		{D79F6602-E664-4163-B6B4-2C382EB0BFCD}.Debug|Any CPU.ActiveCfg = Debug|Any CPU
		{D79F6602-E664-4163-B6B4-2C382EB0BFCD}.Debug|Any CPU.Build.0 = Debug|Any CPU
		{D79F6602-E664-4163-B6B4-2C382EB0BFCD}.Release|Any CPU.ActiveCfg = Release|Any CPU
		{D79F6602-E664-4163-B6B4-2C382EB0BFCD}.Release|Any CPU.Build.0 = Release|Any CPU
		{11F1CF00-E6DC-4FD6-A6CF-B7594337D855}.Debug|Any CPU.ActiveCfg = Debug|Any CPU
		{11F1CF00-E6DC-4FD6-A6CF-B7594337D855}.Debug|Any CPU.Build.0 = Debug|Any CPU
		{11F1CF00-E6DC-4FD6-A6CF-B7594337D855}.Release|Any CPU.ActiveCfg = Release|Any CPU
		{11F1CF00-E6DC-4FD6-A6CF-B7594337D855}.Release|Any CPU.Build.0 = Release|Any CPU
	EndGlobalSection
	GlobalSection(SolutionProperties) = preSolution
		HideSolutionNode = FALSE
	EndGlobalSection
EndGlobal
